
Microsoft Visual Studio Solution File, Format Version 12.00
# Visual Studio Version 17
VisualStudioVersion = 17.0.31903.59
MinimumVisualStudioVersion = 10.0.40219.1
Project("{9A19103F-16F7-4668-BE54-9A1E7A4F7556}") = "acs-queue-processor", "acs-queue-processor.csproj", "{1063F0BE-CD50-488F-82A0-3A08A3FCC07F}"
EndProject
Global
	GlobalSection(SolutionConfigurationPlatforms) = preSolution
		Debug|Any CPU = Debug|Any CPU
		Release|Any CPU = Release|Any CPU
	EndGlobalSection
	GlobalSection(ProjectConfigurationPlatforms) = postSolution
		{1063F0BE-CD50-488F-82A0-3A08A3FCC07F}.Debug|Any CPU.ActiveCfg = Debug|Any CPU
		{1063F0BE-CD50-488F-82A0-3A08A3FCC07F}.Debug|Any CPU.Build.0 = Debug|Any CPU
		{1063F0BE-CD50-488F-82A0-3A08A3FCC07F}.Release|Any CPU.ActiveCfg = Release|Any CPU
		{1063F0BE-CD50-488F-82A0-3A08A3FCC07F}.Release|Any CPU.Build.0 = Release|Any CPU
	EndGlobalSection
	GlobalSection(SolutionProperties) = preSolution
		HideSolutionNode = FALSE
	EndGlobalSection
	GlobalSection(ExtensibilityGlobals) = postSolution
		SolutionGuid = {46D42DE7-AE85-4DF2-A765-007027305FA2}
	EndGlobalSection
EndGlobal
